// !$*UTF8*$!
{
	archiveVersion = 1;
	classes = {
	};
	objectVersion = 77;
	objects = {

/* Begin PBXBuildFile section */
		05C65FFCEE9E792B9A514BEE /* Pods_ServiceAgent.framework in Frameworks */ = {isa = PBXBuildFile; fileRef = 056C1DDC221AC82A789B742D /* Pods_ServiceAgent.framework */; };
		2F59DBBBD3C45EC852F0EEEB /* AppDelegate.m in Sources */ = {isa = PBXBuildFile; fileRef = 55736613665ED7EA4F9DDCBB /* AppDelegate.m */; };
		313508B5E24D47B15BF48F80 /* bootconfig.plist in Resources */ = {isa = PBXBuildFile; fileRef = 2ACF58B39C0EA9640519F0D8 /* bootconfig.plist */; };
		43289AEADEF4F09AE3CF96D7 /* LaunchScreen.storyboard in Resources */ = {isa = PBXBuildFile; fileRef = BEC9BDE4FCB53A4BA8FD6F21 /* LaunchScreen.storyboard */; };
		5190D2EADFDFA1FBA099CB7B /* LaunchScreen.storyboard in Resources */ = {isa = PBXBuildFile; fileRef = 0F104DC1FB68FD550C0D7DB1 /* LaunchScreen.storyboard */; };
		778AD3091E3BE5DF91DF7E4E /* PrivacyInfo.xcprivacy in Resources */ = {isa = PBXBuildFile; fileRef = C9BCF96B4C097D8BCA6DA1FF /* PrivacyInfo.xcprivacy */; };
		BD6A1038F7C6F6B594DD0686 /* main.m in Sources */ = {isa = PBXBuildFile; fileRef = 5A8464C3539E90C04BB3692B /* main.m */; };
		BF0134F94B480751A82091BA /* AppDelegate.m in Sources */ = {isa = PBXBuildFile; fileRef = 56FDAF51276719C78B67BD16 /* AppDelegate.m */; };
		DB0B7D984AAFAEDA4CB401D6 /* PrivacyInfo.xcprivacy in Resources */ = {isa = PBXBuildFile; fileRef = 2783DBA7EE330F3F8A78BFD2 /* PrivacyInfo.xcprivacy */; };
		F7D7882D46E5C64C68375A44 /* main.m in Sources */ = {isa = PBXBuildFile; fileRef = 5A8464C3539E90C04BB3692B /* main.m */; };
/* End PBXBuildFile section */

/* Begin PBXFileReference section */
		056C1DDC221AC82A789B742D /* Pods_ServiceAgent.framework */ = {isa = PBXFileReference; explicitFileType = wrapper.framework; includeInIndex = 0; path = Pods_ServiceAgent.framework; sourceTree = BUILT_PRODUCTS_DIR; };
		0F104DC1FB68FD550C0D7DB1 /* LaunchScreen.storyboard */ = {isa = PBXFileReference; lastKnownFileType = file.storyboard; path = LaunchScreen.storyboard; sourceTree = "<group>"; };
		1BEB457A48718B7C1BDC2C80 /* EmployeeAgent.entitlements */ = {isa = PBXFileReference; lastKnownFileType = text.plist.entitlements; path = EmployeeAgent.entitlements; sourceTree = "<group>"; };
		2783DBA7EE330F3F8A78BFD2 /* PrivacyInfo.xcprivacy */ = {isa = PBXFileReference; path = PrivacyInfo.xcprivacy; sourceTree = "<group>"; };
		2ACF58B39C0EA9640519F0D8 /* bootconfig.plist */ = {isa = PBXFileReference; lastKnownFileType = text.plist; path = bootconfig.plist; sourceTree = "<group>"; };
		35042B207B86CC8741EE4211 /* Pods-ServiceAgent.debug.xcconfig */ = {isa = PBXFileReference; includeInIndex = 1; lastKnownFileType = text.xcconfig; name = "Pods-ServiceAgent.debug.xcconfig"; path = "Target Support Files/Pods-ServiceAgent/Pods-ServiceAgent.debug.xcconfig"; sourceTree = "<group>"; };
		3542CD85330A07EA6769A61C /* EmployeeAgent.app */ = {isa = PBXFileReference; includeInIndex = 0; lastKnownFileType = wrapper.application; path = EmployeeAgent.app; sourceTree = BUILT_PRODUCTS_DIR; };
		4340F8484AA5C0A50DE6FF4D /* Info.plist */ = {isa = PBXFileReference; lastKnownFileType = text.plist; path = Info.plist; sourceTree = "<group>"; };
		55736613665ED7EA4F9DDCBB /* AppDelegate.m */ = {isa = PBXFileReference; lastKnownFileType = sourcecode.c.objc; path = AppDelegate.m; sourceTree = "<group>"; };
		56FDAF51276719C78B67BD16 /* AppDelegate.m */ = {isa = PBXFileReference; lastKnownFileType = sourcecode.c.objc; path = AppDelegate.m; sourceTree = "<group>"; };
		595754780521F55F08B790C5 /* Info.plist */ = {isa = PBXFileReference; lastKnownFileType = text.plist; path = Info.plist; sourceTree = "<group>"; };
		5A8464C3539E90C04BB3692B /* main.m */ = {isa = PBXFileReference; lastKnownFileType = sourcecode.c.objc; path = main.m; sourceTree = "<group>"; };
		636A0B94D7414E2D83689442 /* ServiceAgent.entitlements */ = {isa = PBXFileReference; lastKnownFileType = text.plist.entitlements; path = ServiceAgent.entitlements; sourceTree = "<group>"; };
		BEC9BDE4FCB53A4BA8FD6F21 /* LaunchScreen.storyboard */ = {isa = PBXFileReference; lastKnownFileType = file.storyboard; path = LaunchScreen.storyboard; sourceTree = "<group>"; };
		C9BCF96B4C097D8BCA6DA1FF /* PrivacyInfo.xcprivacy */ = {isa = PBXFileReference; path = PrivacyInfo.xcprivacy; sourceTree = "<group>"; };
		CEC2BB8A28D4086CAF13C60A /* AppDelegate.h */ = {isa = PBXFileReference; lastKnownFileType = sourcecode.c.h; path = AppDelegate.h; sourceTree = "<group>"; };
		F6BE69A10D8426512CEBE654 /* Pods-ServiceAgent.release.xcconfig */ = {isa = PBXFileReference; includeInIndex = 1; lastKnownFileType = text.xcconfig; name = "Pods-ServiceAgent.release.xcconfig"; path = "Target Support Files/Pods-ServiceAgent/Pods-ServiceAgent.release.xcconfig"; sourceTree = "<group>"; };
		FB81F5A2F94B18400C74AA9B /* ServiceAgent.app */ = {isa = PBXFileReference; includeInIndex = 0; lastKnownFileType = wrapper.application; path = ServiceAgent.app; sourceTree = BUILT_PRODUCTS_DIR; };
/* End PBXFileReference section */

/* Begin PBXFrameworksBuildPhase section */
		D3E35159E3FAE9655AE67568 /* Frameworks */ = {
			isa = PBXFrameworksBuildPhase;
			buildActionMask = 2147483647;
			files = (
				05C65FFCEE9E792B9A514BEE /* Pods_ServiceAgent.framework in Frameworks */,
			);
			runOnlyForDeploymentPostprocessing = 0;
		};
/* End PBXFrameworksBuildPhase section */

/* Begin PBXGroup section */
		43E690C47733B26F0F78209F /* EmployeeAgent */ = {
			isa = PBXGroup;
			children = (
				56FDAF51276719C78B67BD16 /* AppDelegate.m */,
				2ACF58B39C0EA9640519F0D8 /* bootconfig.plist */,
				1BEB457A48718B7C1BDC2C80 /* EmployeeAgent.entitlements */,
				595754780521F55F08B790C5 /* Info.plist */,
				0F104DC1FB68FD550C0D7DB1 /* LaunchScreen.storyboard */,
				C9BCF96B4C097D8BCA6DA1FF /* PrivacyInfo.xcprivacy */,
			);
			path = EmployeeAgent;
			sourceTree = "<group>";
		};
		4431DB2AC63AF7F7BCD9E285 /* Shared */ = {
			isa = PBXGroup;
			children = (
				CEC2BB8A28D4086CAF13C60A /* AppDelegate.h */,
				55736613665ED7EA4F9DDCBB /* AppDelegate.m */,
				5A8464C3539E90C04BB3692B /* main.m */,
			);
			path = Shared;
			sourceTree = "<group>";
		};
		4781146E8D01A22524D67B60 /* Frameworks */ = {
			isa = PBXGroup;
			children = (
				056C1DDC221AC82A789B742D /* Pods_ServiceAgent.framework */,
			);
			name = Frameworks;
			sourceTree = "<group>";
		};
		79031F69D0EC0CCEE7F2BECF = {
			isa = PBXGroup;
			children = (
				43E690C47733B26F0F78209F /* EmployeeAgent */,
				BA2DE6198B369D796207E148 /* ServiceAgent */,
				4431DB2AC63AF7F7BCD9E285 /* Shared */,
				E2076931C51A3B27A533FEF6 /* Products */,
				CDD977BEB9B07A62E0A5E890 /* Pods */,
				4781146E8D01A22524D67B60 /* Frameworks */,
			);
			sourceTree = "<group>";
		};
		BA2DE6198B369D796207E148 /* ServiceAgent */ = {
			isa = PBXGroup;
			children = (
				4340F8484AA5C0A50DE6FF4D /* Info.plist */,
				BEC9BDE4FCB53A4BA8FD6F21 /* LaunchScreen.storyboard */,
				2783DBA7EE330F3F8A78BFD2 /* PrivacyInfo.xcprivacy */,
				636A0B94D7414E2D83689442 /* ServiceAgent.entitlements */,
			);
			path = ServiceAgent;
			sourceTree = "<group>";
		};
		CDD977BEB9B07A62E0A5E890 /* Pods */ = {
			isa = PBXGroup;
			children = (
				35042B207B86CC8741EE4211 /* Pods-ServiceAgent.debug.xcconfig */,
				F6BE69A10D8426512CEBE654 /* Pods-ServiceAgent.release.xcconfig */,
			);
			name = Pods;
			path = Pods;
			sourceTree = "<group>";
		};
		E2076931C51A3B27A533FEF6 /* Products */ = {
			isa = PBXGroup;
			children = (
				3542CD85330A07EA6769A61C /* EmployeeAgent.app */,
				FB81F5A2F94B18400C74AA9B /* ServiceAgent.app */,
			);
			name = Products;
			sourceTree = "<group>";
		};
/* End PBXGroup section */

/* Begin PBXNativeTarget section */
		89FB79B04992D6FEDB836092 /* ServiceAgent */ = {
			isa = PBXNativeTarget;
			buildConfigurationList = F1F8E4CB046CE5055E487FCE /* Build configuration list for PBXNativeTarget "ServiceAgent" */;
			buildPhases = (
				7CBC8F62EDAA8D6D0FF817F3 /* [CP] Check Pods Manifest.lock */,
				6790D051DCF49D0D4025F142 /* Start Packager */,
				9C76D0E4D9A780ED179CE75A /* Bundle React Native code and images */,
				BC65A9AC0FC9D9590C831340 /* Sources */,
				225CD3AEED795C0238D6602F /* Resources */,
				D3E35159E3FAE9655AE67568 /* Frameworks */,
				221AA5896D6683C4A00CCBDB /* [CP] Embed Pods Frameworks */,
			);
			buildRules = (
			);
			dependencies = (
			);
			name = ServiceAgent;
			productName = ServiceAgent;
			productReference = FB81F5A2F94B18400C74AA9B /* ServiceAgent.app */;
			productType = "com.apple.product-type.application";
		};
		EFD30F0FA6C3B68774D14305 /* EmployeeAgent */ = {
			isa = PBXNativeTarget;
			buildConfigurationList = 3CC4FF12F5DAEAA99707FFFA /* Build configuration list for PBXNativeTarget "EmployeeAgent" */;
			buildPhases = (
				606936484AC64672B89C03A6 /* Start Packager */,
				3EC1240CA6586DB8BCEEE5C4 /* Bundle React Native code and images */,
				D44B5D86BAE0B2CFBF0C4AF1 /* Sources */,
				C2B2BE00BA9F648CF62E0D24 /* Resources */,
			);
			buildRules = (
			);
			dependencies = (
			);
			name = EmployeeAgent;
			productName = EmployeeAgent;
			productReference = 3542CD85330A07EA6769A61C /* EmployeeAgent.app */;
			productType = "com.apple.product-type.application";
		};
/* End PBXNativeTarget section */

/* Begin PBXProject section */
		2B9EED514223AF1C4D505EEE /* Project object */ = {
			isa = PBXProject;
			attributes = {
				BuildIndependentTargetsInParallel = YES;
				LastUpgradeCheck = 1500;
				TargetAttributes = {
					89FB79B04992D6FEDB836092 = {
						DevelopmentTeam = "";
						ProvisioningStyle = Automatic;
					};
					EFD30F0FA6C3B68774D14305 = {
						DevelopmentTeam = "";
						ProvisioningStyle = Automatic;
					};
				};
			};
			buildConfigurationList = ACDF5C75C712E687678084E1 /* Build configuration list for PBXProject "ReactAgentforce" */;
			compatibilityVersion = "Xcode 14.0";
			developmentRegion = en;
			hasScannedForEncodings = 0;
			knownRegions = (
				Base,
				en,
			);
			mainGroup = 79031F69D0EC0CCEE7F2BECF;
			minimizedProjectReferenceProxies = 1;
			preferredProjectObjectVersion = 77;
			productRefGroup = E2076931C51A3B27A533FEF6 /* Products */;
			projectDirPath = "";
			projectRoot = "";
			targets = (
				EFD30F0FA6C3B68774D14305 /* EmployeeAgent */,
				89FB79B04992D6FEDB836092 /* ServiceAgent */,
			);
		};
/* End PBXProject section */

/* Begin PBXResourcesBuildPhase section */
		225CD3AEED795C0238D6602F /* Resources */ = {
			isa = PBXResourcesBuildPhase;
			buildActionMask = 2147483647;
			files = (
				43289AEADEF4F09AE3CF96D7 /* LaunchScreen.storyboard in Resources */,
				DB0B7D984AAFAEDA4CB401D6 /* PrivacyInfo.xcprivacy in Resources */,
			);
			runOnlyForDeploymentPostprocessing = 0;
		};
		C2B2BE00BA9F648CF62E0D24 /* Resources */ = {
			isa = PBXResourcesBuildPhase;
			buildActionMask = 2147483647;
			files = (
				5190D2EADFDFA1FBA099CB7B /* LaunchScreen.storyboard in Resources */,
				778AD3091E3BE5DF91DF7E4E /* PrivacyInfo.xcprivacy in Resources */,
				313508B5E24D47B15BF48F80 /* bootconfig.plist in Resources */,
			);
			runOnlyForDeploymentPostprocessing = 0;
		};
/* End PBXResourcesBuildPhase section */

/* Begin PBXShellScriptBuildPhase section */
		221AA5896D6683C4A00CCBDB /* [CP] Embed Pods Frameworks */ = {
			isa = PBXShellScriptBuildPhase;
			buildActionMask = 2147483647;
			files = (
			);
			inputFileListPaths = (
				"${PODS_ROOT}/Target Support Files/Pods-ServiceAgent/Pods-ServiceAgent-frameworks-${CONFIGURATION}-input-files.xcfilelist",
			);
			name = "[CP] Embed Pods Frameworks";
			outputFileListPaths = (
				"${PODS_ROOT}/Target Support Files/Pods-ServiceAgent/Pods-ServiceAgent-frameworks-${CONFIGURATION}-output-files.xcfilelist",
			);
			runOnlyForDeploymentPostprocessing = 0;
			shellPath = /bin/sh;
			shellScript = "\"${PODS_ROOT}/Target Support Files/Pods-ServiceAgent/Pods-ServiceAgent-frameworks.sh\"\n";
			showEnvVarsInLog = 0;
		};
		3EC1240CA6586DB8BCEEE5C4 /* Bundle React Native code and images */ = {
			isa = PBXShellScriptBuildPhase;
			buildActionMask = 2147483647;
			files = (
			);
			inputFileListPaths = (
			);
			inputPaths = (
			);
			name = "Bundle React Native code and images";
			outputFileListPaths = (
			);
			outputPaths = (
			);
			runOnlyForDeploymentPostprocessing = 0;
			shellPath = /bin/sh;
			shellScript = "set -e\nWITH_ENVIRONMENT=\"../node_modules/react-native/scripts/xcode/with-environment.sh\"\nREACT_NATIVE_XCODE=\"../node_modules/react-native/scripts/react-native-xcode.sh\"\n/bin/sh -c \"$WITH_ENVIRONMENT $REACT_NATIVE_XCODE\"\n";
			showEnvVarsInLog = 0;
		};
		606936484AC64672B89C03A6 /* Start Packager */ = {
			isa = PBXShellScriptBuildPhase;
			buildActionMask = 2147483647;
			files = (
			);
			inputFileListPaths = (
			);
			inputPaths = (
			);
			name = "Start Packager";
			outputFileListPaths = (
			);
			outputPaths = (
			);
			runOnlyForDeploymentPostprocessing = 0;
			shellPath = /bin/sh;
			shellScript = "export RCT_METRO_PORT=\"${RCT_METRO_PORT:=8081}\"\necho \"export RCT_METRO_PORT=${RCT_METRO_PORT}\" > \"${SRCROOT}/../node_modules/react-native/scripts/.packager.env\"\nif [ -z \"${RCT_NO_LAUNCH_PACKAGER+xxx}\" ] ; then\n  if nc -w 5 -z localhost ${RCT_METRO_PORT} ; then\n    if ! curl -s \"http://localhost:${RCT_METRO_PORT}/status\" | grep -q \"packager-status:running\" ; then\n      echo \"Port ${RCT_METRO_PORT} already in use, packager is either not running or not running correctly\"\n      exit 2\n    fi\n  else\n    open \"$SRCROOT/../node_modules/react-native/scripts/launchPackager.command\" || echo \"Can't start packager automatically\"\n  fi\nfi\n";
			showEnvVarsInLog = 0;
		};
		6790D051DCF49D0D4025F142 /* Start Packager */ = {
			isa = PBXShellScriptBuildPhase;
			buildActionMask = 2147483647;
			files = (
			);
			inputFileListPaths = (
			);
			inputPaths = (
			);
			name = "Start Packager";
			outputFileListPaths = (
			);
			outputPaths = (
			);
			runOnlyForDeploymentPostprocessing = 0;
			shellPath = /bin/sh;
			shellScript = "export RCT_METRO_PORT=\"${RCT_METRO_PORT:=8081}\"\necho \"export RCT_METRO_PORT=${RCT_METRO_PORT}\" > \"${SRCROOT}/../node_modules/react-native/scripts/.packager.env\"\nif [ -z \"${RCT_NO_LAUNCH_PACKAGER+xxx}\" ] ; then\n  if nc -w 5 -z localhost ${RCT_METRO_PORT} ; then\n    if ! curl -s \"http://localhost:${RCT_METRO_PORT}/status\" | grep -q \"packager-status:running\" ; then\n      echo \"Port ${RCT_METRO_PORT} already in use, packager is either not running or not running correctly\"\n      exit 2\n    fi\n  else\n    open \"$SRCROOT/../node_modules/react-native/scripts/launchPackager.command\" || echo \"Can't start packager automatically\"\n  fi\nfi\n";
			showEnvVarsInLog = 0;
		};
		7CBC8F62EDAA8D6D0FF817F3 /* [CP] Check Pods Manifest.lock */ = {
			isa = PBXShellScriptBuildPhase;
			buildActionMask = 2147483647;
			files = (
			);
			inputFileListPaths = (
			);
			inputPaths = (
				"${PODS_PODFILE_DIR_PATH}/Podfile.lock",
				"${PODS_ROOT}/Manifest.lock",
			);
			name = "[CP] Check Pods Manifest.lock";
			outputFileListPaths = (
			);
			outputPaths = (
				"$(DERIVED_FILE_DIR)/Pods-ServiceAgent-checkManifestLockResult.txt",
			);
			runOnlyForDeploymentPostprocessing = 0;
			shellPath = /bin/sh;
			shellScript = "diff \"${PODS_PODFILE_DIR_PATH}/Podfile.lock\" \"${PODS_ROOT}/Manifest.lock\" > /dev/null\nif [ $? != 0 ] ; then\n    # print error to STDERR\n    echo \"error: The sandbox is not in sync with the Podfile.lock. Run 'pod install' or update your CocoaPods installation.\" >&2\n    exit 1\nfi\n# This output is used by Xcode 'outputs' to avoid re-running this script phase.\necho \"SUCCESS\" > \"${SCRIPT_OUTPUT_FILE_0}\"\n";
			showEnvVarsInLog = 0;
		};
		9C76D0E4D9A780ED179CE75A /* Bundle React Native code and images */ = {
			isa = PBXShellScriptBuildPhase;
			buildActionMask = 2147483647;
			files = (
			);
			inputFileListPaths = (
			);
			inputPaths = (
			);
			name = "Bundle React Native code and images";
			outputFileListPaths = (
			);
			outputPaths = (
			);
			runOnlyForDeploymentPostprocessing = 0;
			shellPath = /bin/sh;
			shellScript = "set -e\nWITH_ENVIRONMENT=\"../node_modules/react-native/scripts/xcode/with-environment.sh\"\nREACT_NATIVE_XCODE=\"../node_modules/react-native/scripts/react-native-xcode.sh\"\n/bin/sh -c \"$WITH_ENVIRONMENT $REACT_NATIVE_XCODE\"\n";
			showEnvVarsInLog = 0;
		};
/* End PBXShellScriptBuildPhase section */

/* Begin PBXSourcesBuildPhase section */
		BC65A9AC0FC9D9590C831340 /* Sources */ = {
			isa = PBXSourcesBuildPhase;
			buildActionMask = 2147483647;
			files = (
				2F59DBBBD3C45EC852F0EEEB /* AppDelegate.m in Sources */,
				BD6A1038F7C6F6B594DD0686 /* main.m in Sources */,
			);
			runOnlyForDeploymentPostprocessing = 0;
		};
		D44B5D86BAE0B2CFBF0C4AF1 /* Sources */ = {
			isa = PBXSourcesBuildPhase;
			buildActionMask = 2147483647;
			files = (
				BF0134F94B480751A82091BA /* AppDelegate.m in Sources */,
				F7D7882D46E5C64C68375A44 /* main.m in Sources */,
			);
			runOnlyForDeploymentPostprocessing = 0;
		};
/* End PBXSourcesBuildPhase section */

/* Begin XCBuildConfiguration section */
		3CFF7902F6EA000CE2F9EC33 /* Release */ = {
			isa = XCBuildConfiguration;
			baseConfigurationReference = F6BE69A10D8426512CEBE654 /* Pods-ServiceAgent.release.xcconfig */;
			buildSettings = {
				ASSETCATALOG_COMPILER_APPICON_NAME = AppIcon;
				CODE_SIGN_ENTITLEMENTS = ServiceAgent/ServiceAgent.entitlements;
				CODE_SIGN_IDENTITY = "iPhone Developer";
				CODE_SIGN_STYLE = Automatic;
				DEVELOPMENT_TEAM = "";
				ENABLE_BITCODE = NO;
				HEADER_SEARCH_PATHS = (
					"$(inherited)",
					"$(SRCROOT)/../node_modules/react-native/React/**",
					"$(SRCROOT)/../node_modules/react-native/ReactCommon/**",
				);
				INFOPLIST_FILE = ServiceAgent/Info.plist;
				IPHONEOS_DEPLOYMENT_TARGET = 17.0;
				LD_RUNPATH_SEARCH_PATHS = (
					"$(inherited)",
					"@executable_path/Frameworks",
				);
				LIBRARY_SEARCH_PATHS = (
					"$(SDKROOT)/usr/lib/swift$(inherited)",
					"$(SRCROOT)/../node_modules/react-native/ReactCommon/**",
				);
				OTHER_LDFLAGS = (
					"$(inherited)",
					"-ObjC",
					"-lc++",
				);
				PRODUCT_BUNDLE_IDENTIFIER = com.salesforce.android.reactagentforce.service;
				PRODUCT_NAME = ServiceAgent;
				SDKROOT = iphoneos;
				TARGETED_DEVICE_FAMILY = "1,2";
			};
			name = Release;
		};
		6367CE34F934AE6316583FB8 /* Debug */ = {
			isa = XCBuildConfiguration;
			buildSettings = {
				ALWAYS_SEARCH_USER_PATHS = NO;
				CC = "";
				CLANG_ANALYZER_NONNULL = YES;
				CLANG_ANALYZER_NUMBER_OBJECT_CONVERSION = YES_AGGRESSIVE;
				CLANG_CXX_LANGUAGE_STANDARD = "c++20";
				CLANG_CXX_LIBRARY = "libc++";
				CLANG_ENABLE_MODULES = YES;
				CLANG_ENABLE_OBJC_ARC = YES;
				CLANG_ENABLE_OBJC_WEAK = YES;
				CLANG_WARN_BLOCK_CAPTURE_AUTORELEASING = YES;
				CLANG_WARN_BOOL_CONVERSION = YES;
				CLANG_WARN_COMMA = YES;
				CLANG_WARN_CONSTANT_CONVERSION = YES;
				CLANG_WARN_DEPRECATED_OBJC_IMPLEMENTATIONS = YES;
				CLANG_WARN_DIRECT_OBJC_ISA_USAGE = YES_ERROR;
				CLANG_WARN_DOCUMENTATION_COMMENTS = YES;
				CLANG_WARN_EMPTY_BODY = YES;
				CLANG_WARN_ENUM_CONVERSION = YES;
				CLANG_WARN_INFINITE_RECURSION = YES;
				CLANG_WARN_INT_CONVERSION = YES;
				CLANG_WARN_NON_LITERAL_NULL_CONVERSION = YES;
				CLANG_WARN_OBJC_IMPLICIT_RETAIN_SELF = YES;
				CLANG_WARN_OBJC_LITERAL_CONVERSION = YES;
				CLANG_WARN_OBJC_ROOT_CLASS = YES_ERROR;
				CLANG_WARN_QUOTED_INCLUDE_IN_FRAMEWORK_HEADER = NO;
				CLANG_WARN_RANGE_LOOP_ANALYSIS = YES;
				CLANG_WARN_STRICT_PROTOTYPES = YES;
				CLANG_WARN_SUSPICIOUS_MOVE = YES;
				CLANG_WARN_UNGUARDED_AVAILABILITY = YES_AGGRESSIVE;
				CLANG_WARN_UNREACHABLE_CODE = YES;
				CLANG_WARN__DUPLICATE_METHOD_MATCH = YES;
				COPY_PHASE_STRIP = NO;
				CXX = "";
				DEBUG_INFORMATION_FORMAT = dwarf;
				ENABLE_BITCODE = NO;
				ENABLE_STRICT_OBJC_MSGSEND = YES;
				ENABLE_TESTABILITY = YES;
				GCC_C_LANGUAGE_STANDARD = gnu11;
				GCC_DYNAMIC_NO_PIC = NO;
				GCC_NO_COMMON_BLOCKS = YES;
				GCC_OPTIMIZATION_LEVEL = 0;
				GCC_PREPROCESSOR_DEFINITIONS = (
					"$(inherited)",
					"DEBUG=1",
				);
				GCC_WARN_64_TO_32_BIT_CONVERSION = YES;
				GCC_WARN_ABOUT_RETURN_TYPE = YES_ERROR;
				GCC_WARN_UNDECLARED_SELECTOR = YES;
				GCC_WARN_UNINITIALIZED_AUTOS = YES_AGGRESSIVE;
				GCC_WARN_UNUSED_FUNCTION = YES;
				GCC_WARN_UNUSED_VARIABLE = YES;
				HEADER_SEARCH_PATHS = (
					"$(inherited)",
					"${PODS_CONFIGURATION_BUILD_DIR}/ReactCommon/ReactCommon.framework/Headers",
					"${PODS_CONFIGURATION_BUILD_DIR}/ReactCommon/ReactCommon.framework/Headers/react/nativemodule/core",
					"${PODS_CONFIGURATION_BUILD_DIR}/ReactCommon-Samples/ReactCommon_Samples.framework/Headers",
					"${PODS_CONFIGURATION_BUILD_DIR}/ReactCommon-Samples/ReactCommon_Samples.framework/Headers/platform/ios",
					"${PODS_CONFIGURATION_BUILD_DIR}/React-Fabric/React_Fabric.framework/Headers/react/renderer/components/view/platform/cxx",
					"${PODS_CONFIGURATION_BUILD_DIR}/React-NativeModulesApple/React_NativeModulesApple.framework/Headers",
					"${PODS_CONFIGURATION_BUILD_DIR}/React-graphics/React_graphics.framework/Headers",
					"${PODS_CONFIGURATION_BUILD_DIR}/React-graphics/React_graphics.framework/Headers/react/renderer/graphics/platform/ios",
				);
				IPHONEOS_DEPLOYMENT_TARGET = 17.0;
				LD = "";
				LDPLUSPLUS = "";
				MTL_ENABLE_DEBUG_INFO = INCLUDE_SOURCE;
				MTL_FAST_MATH = YES;
				ONLY_ACTIVE_ARCH = NO;
				OTHER_LDFLAGS = (
					"$(inherited)",
					" ",
				);
				PRODUCT_NAME = "$(TARGET_NAME)";
				REACT_NATIVE_PATH = "${PODS_ROOT}/../../node_modules/react-native";
				SDKROOT = iphoneos;
				SWIFT_ACTIVE_COMPILATION_CONDITIONS = DEBUG;
				SWIFT_OPTIMIZATION_LEVEL = "-Onone";
				SWIFT_VERSION = 5.0;
				USE_HERMES = true;
			};
			name = Debug;
		};
		7FF8BD721F4ABDBB575CB5B4 /* Release */ = {
			isa = XCBuildConfiguration;
			buildSettings = {
				ASSETCATALOG_COMPILER_APPICON_NAME = AppIcon;
				CODE_SIGN_ENTITLEMENTS = EmployeeAgent/EmployeeAgent.entitlements;
				CODE_SIGN_IDENTITY = "iPhone Developer";
				CODE_SIGN_STYLE = Automatic;
				DEVELOPMENT_TEAM = "";
				ENABLE_BITCODE = NO;
				HEADER_SEARCH_PATHS = (
					"$(inherited)",
					"$(SRCROOT)/../node_modules/react-native/React/**",
					"$(SRCROOT)/../node_modules/react-native/ReactCommon/**",
				);
				INFOPLIST_FILE = EmployeeAgent/Info.plist;
				IPHONEOS_DEPLOYMENT_TARGET = 17.0;
				LD_RUNPATH_SEARCH_PATHS = (
					"$(inherited)",
					"@executable_path/Frameworks",
				);
				LIBRARY_SEARCH_PATHS = (
					"$(SDKROOT)/usr/lib/swift$(inherited)",
					"$(SRCROOT)/../node_modules/react-native/ReactCommon/**",
				);
				OTHER_LDFLAGS = (
					"$(inherited)",
					"-ObjC",
					"-lc++",
				);
				PRODUCT_BUNDLE_IDENTIFIER = com.salesforce.android.reactagentforce.employee;
				PRODUCT_NAME = EmployeeAgent;
				SDKROOT = iphoneos;
				TARGETED_DEVICE_FAMILY = "1,2";
			};
			name = Release;
		};
		C8E8C3F52B9F604AAB22628B /* Debug */ = {
			isa = XCBuildConfiguration;
			baseConfigurationReference = 35042B207B86CC8741EE4211 /* Pods-ServiceAgent.debug.xcconfig */;
			buildSettings = {
				ASSETCATALOG_COMPILER_APPICON_NAME = AppIcon;
				CODE_SIGN_ENTITLEMENTS = ServiceAgent/ServiceAgent.entitlements;
				CODE_SIGN_IDENTITY = "iPhone Developer";
				CODE_SIGN_STYLE = Automatic;
				DEVELOPMENT_TEAM = "";
				ENABLE_BITCODE = NO;
				HEADER_SEARCH_PATHS = (
					"$(inherited)",
					"$(SRCROOT)/../node_modules/react-native/React/**",
					"$(SRCROOT)/../node_modules/react-native/ReactCommon/**",
				);
				INFOPLIST_FILE = ServiceAgent/Info.plist;
				IPHONEOS_DEPLOYMENT_TARGET = 17.0;
				LD_RUNPATH_SEARCH_PATHS = (
					"$(inherited)",
					"@executable_path/Frameworks",
				);
				LIBRARY_SEARCH_PATHS = (
					"$(SDKROOT)/usr/lib/swift$(inherited)",
					"$(SRCROOT)/../node_modules/react-native/ReactCommon/**",
				);
				OTHER_LDFLAGS = (
					"$(inherited)",
					"-ObjC",
					"-lc++",
				);
				PRODUCT_BUNDLE_IDENTIFIER = com.salesforce.android.reactagentforce.service;
				PRODUCT_NAME = ServiceAgent;
				SDKROOT = iphoneos;
				TARGETED_DEVICE_FAMILY = "1,2";
			};
			name = Debug;
		};
		D2EE141087DB835CAF3254F5 /* Release */ = {
			isa = XCBuildConfiguration;
			buildSettings = {
				ALWAYS_SEARCH_USER_PATHS = NO;
				CC = "";
				CLANG_ANALYZER_NONNULL = YES;
				CLANG_ANALYZER_NUMBER_OBJECT_CONVERSION = YES_AGGRESSIVE;
				CLANG_CXX_LANGUAGE_STANDARD = "c++20";
				CLANG_CXX_LIBRARY = "libc++";
				CLANG_ENABLE_MODULES = YES;
				CLANG_ENABLE_OBJC_ARC = YES;
				CLANG_ENABLE_OBJC_WEAK = YES;
				CLANG_WARN_BLOCK_CAPTURE_AUTORELEASING = YES;
				CLANG_WARN_BOOL_CONVERSION = YES;
				CLANG_WARN_COMMA = YES;
				CLANG_WARN_CONSTANT_CONVERSION = YES;
				CLANG_WARN_DEPRECATED_OBJC_IMPLEMENTATIONS = YES;
				CLANG_WARN_DIRECT_OBJC_ISA_USAGE = YES_ERROR;
				CLANG_WARN_DOCUMENTATION_COMMENTS = YES;
				CLANG_WARN_EMPTY_BODY = YES;
				CLANG_WARN_ENUM_CONVERSION = YES;
				CLANG_WARN_INFINITE_RECURSION = YES;
				CLANG_WARN_INT_CONVERSION = YES;
				CLANG_WARN_NON_LITERAL_NULL_CONVERSION = YES;
				CLANG_WARN_OBJC_IMPLICIT_RETAIN_SELF = YES;
				CLANG_WARN_OBJC_LITERAL_CONVERSION = YES;
				CLANG_WARN_OBJC_ROOT_CLASS = YES_ERROR;
				CLANG_WARN_QUOTED_INCLUDE_IN_FRAMEWORK_HEADER = NO;
				CLANG_WARN_RANGE_LOOP_ANALYSIS = YES;
				CLANG_WARN_STRICT_PROTOTYPES = YES;
				CLANG_WARN_SUSPICIOUS_MOVE = YES;
				CLANG_WARN_UNGUARDED_AVAILABILITY = YES_AGGRESSIVE;
				CLANG_WARN_UNREACHABLE_CODE = YES;
				CLANG_WARN__DUPLICATE_METHOD_MATCH = YES;
				COPY_PHASE_STRIP = NO;
				CXX = "";
				DEBUG_INFORMATION_FORMAT = "dwarf-with-dsym";
				ENABLE_BITCODE = NO;
				ENABLE_NS_ASSERTIONS = NO;
				ENABLE_STRICT_OBJC_MSGSEND = YES;
				GCC_C_LANGUAGE_STANDARD = gnu11;
				GCC_NO_COMMON_BLOCKS = YES;
				GCC_WARN_64_TO_32_BIT_CONVERSION = YES;
				GCC_WARN_ABOUT_RETURN_TYPE = YES_ERROR;
				GCC_WARN_UNDECLARED_SELECTOR = YES;
				GCC_WARN_UNINITIALIZED_AUTOS = YES_AGGRESSIVE;
				GCC_WARN_UNUSED_FUNCTION = YES;
				GCC_WARN_UNUSED_VARIABLE = YES;
				HEADER_SEARCH_PATHS = (
					"$(inherited)",
					"${PODS_CONFIGURATION_BUILD_DIR}/ReactCommon/ReactCommon.framework/Headers",
					"${PODS_CONFIGURATION_BUILD_DIR}/ReactCommon/ReactCommon.framework/Headers/react/nativemodule/core",
					"${PODS_CONFIGURATION_BUILD_DIR}/ReactCommon-Samples/ReactCommon_Samples.framework/Headers",
					"${PODS_CONFIGURATION_BUILD_DIR}/ReactCommon-Samples/ReactCommon_Samples.framework/Headers/platform/ios",
					"${PODS_CONFIGURATION_BUILD_DIR}/React-Fabric/React_Fabric.framework/Headers/react/renderer/components/view/platform/cxx",
					"${PODS_CONFIGURATION_BUILD_DIR}/React-NativeModulesApple/React_NativeModulesApple.framework/Headers",
					"${PODS_CONFIGURATION_BUILD_DIR}/React-graphics/React_graphics.framework/Headers",
					"${PODS_CONFIGURATION_BUILD_DIR}/React-graphics/React_graphics.framework/Headers/react/renderer/graphics/platform/ios",
				);
				IPHONEOS_DEPLOYMENT_TARGET = 17.0;
				LD = "";
				LDPLUSPLUS = "";
				MTL_ENABLE_DEBUG_INFO = NO;
				MTL_FAST_MATH = YES;
				ONLY_ACTIVE_ARCH = NO;
				OTHER_LDFLAGS = (
					"$(inherited)",
					" ",
				);
				PRODUCT_NAME = "$(TARGET_NAME)";
				REACT_NATIVE_PATH = "${PODS_ROOT}/../../node_modules/react-native";
				SDKROOT = iphoneos;
				SWIFT_COMPILATION_MODE = wholemodule;
				SWIFT_OPTIMIZATION_LEVEL = "-O";
				SWIFT_VERSION = 5.0;
				USE_HERMES = true;
			};
			name = Release;
		};
		F52A4D6DEDB18509AD5AAC81 /* Debug */ = {
			isa = XCBuildConfiguration;
			buildSettings = {
				ASSETCATALOG_COMPILER_APPICON_NAME = AppIcon;
				CODE_SIGN_ENTITLEMENTS = EmployeeAgent/EmployeeAgent.entitlements;
				CODE_SIGN_IDENTITY = "iPhone Developer";
				CODE_SIGN_STYLE = Automatic;
				DEVELOPMENT_TEAM = "";
				ENABLE_BITCODE = NO;
				HEADER_SEARCH_PATHS = (
					"$(inherited)",
					"$(SRCROOT)/../node_modules/react-native/React/**",
					"$(SRCROOT)/../node_modules/react-native/ReactCommon/**",
				);
				INFOPLIST_FILE = EmployeeAgent/Info.plist;
				IPHONEOS_DEPLOYMENT_TARGET = 17.0;
				LD_RUNPATH_SEARCH_PATHS = (
					"$(inherited)",
					"@executable_path/Frameworks",
				);
				LIBRARY_SEARCH_PATHS = (
					"$(SDKROOT)/usr/lib/swift$(inherited)",
					"$(SRCROOT)/../node_modules/react-native/ReactCommon/**",
				);
				OTHER_LDFLAGS = (
					"$(inherited)",
					"-ObjC",
					"-lc++",
				);
				PRODUCT_BUNDLE_IDENTIFIER = com.salesforce.android.reactagentforce.employee;
				PRODUCT_NAME = EmployeeAgent;
				SDKROOT = iphoneos;
				TARGETED_DEVICE_FAMILY = "1,2";
			};
			name = Debug;
		};
/* End XCBuildConfiguration section */

/* Begin XCConfigurationList section */
		3CC4FF12F5DAEAA99707FFFA /* Build configuration list for PBXNativeTarget "EmployeeAgent" */ = {
			isa = XCConfigurationList;
			buildConfigurations = (
				F52A4D6DEDB18509AD5AAC81 /* Debug */,
				7FF8BD721F4ABDBB575CB5B4 /* Release */,
			);
			defaultConfigurationIsVisible = 0;
			defaultConfigurationName = Debug;
		};
		ACDF5C75C712E687678084E1 /* Build configuration list for PBXProject "ReactAgentforce" */ = {
			isa = XCConfigurationList;
			buildConfigurations = (
				6367CE34F934AE6316583FB8 /* Debug */,
				D2EE141087DB835CAF3254F5 /* Release */,
			);
			defaultConfigurationIsVisible = 0;
			defaultConfigurationName = Debug;
		};
		F1F8E4CB046CE5055E487FCE /* Build configuration list for PBXNativeTarget "ServiceAgent" */ = {
			isa = XCConfigurationList;
			buildConfigurations = (
				C8E8C3F52B9F604AAB22628B /* Debug */,
				3CFF7902F6EA000CE2F9EC33 /* Release */,
			);
			defaultConfigurationIsVisible = 0;
			defaultConfigurationName = Debug;
		};
/* End XCConfigurationList section */
	};
	rootObject = 2B9EED514223AF1C4D505EEE /* Project object */;
}
